
Microsoft Visual Studio Solution File, Format Version 12.00
# Visual Studio Version 16
VisualStudioVersion = 16.0.31019.35
MinimumVisualStudioVersion = 10.0.40219.1
Project("{FAE04EC0-301F-11D3-BF4B-00C04F79EFBC}") = "MuzıkOkul", "MuzıkOkul.csproj", "{EEADA5EF-AEDA-4061-8B19-FD52A9C45119}"
EndProject
Global
	GlobalSection(SolutionConfigurationPlatforms) = preSolution
		Debug|Any CPU = Debug|Any CPU
		Release|Any CPU = Release|Any CPU
	EndGlobalSection
	GlobalSection(ProjectConfigurationPlatforms) = postSolution
		{EEADA5EF-AEDA-4061-8B19-FD52A9C45119}.Debug|Any CPU.ActiveCfg = Debug|Any CPU
		{EEADA5EF-AEDA-4061-8B19-FD52A9C45119}.Debug|Any CPU.Build.0 = Debug|Any CPU
		{EEADA5EF-AEDA-4061-8B19-FD52A9C45119}.Release|Any CPU.ActiveCfg = Release|Any CPU
		{EEADA5EF-AEDA-4061-8B19-FD52A9C45119}.Release|Any CPU.Build.0 = Release|Any CPU
	EndGlobalSection
	GlobalSection(SolutionProperties) = preSolution
		HideSolutionNode = FALSE
	EndGlobalSection
	GlobalSection(ExtensibilityGlobals) = postSolution
		SolutionGuid = {527B3F92-965E-4DCC-9A65-3F1902CBA630}
	EndGlobalSection
EndGlobal
